
Microsoft Visual Studio Solution File, Format Version 12.00
# Visual Studio Version 17
VisualStudioVersion = 17.1.32210.238
MinimumVisualStudioVersion = 10.0.40219.1
Project("{9A19103F-16F7-4668-BE54-9A1E7A4F7556}") = "CalculatorGUI", "CalculatorGUI.csproj", "{1D906820-F094-4CAF-AD01-A346F2518E0D}"
EndProject
Project("{2150E333-8FDC-42A3-9474-1A3956D46DE8}") = "Solution Items", "Solution Items", "{A49A1E02-160B-4D7F-A8D4-E9CD731E4FB7}"
EndProject
Global
	GlobalSection(SolutionConfigurationPlatforms) = preSolution
		Debug|Any CPU = Debug|Any CPU
		Release|Any CPU = Release|Any CPU
	EndGlobalSection
	GlobalSection(ProjectConfigurationPlatforms) = postSolution
		{1D906820-F094-4CAF-AD01-A346F2518E0D}.Debug|Any CPU.ActiveCfg = Debug|Any CPU
		{1D906820-F094-4CAF-AD01-A346F2518E0D}.Debug|Any CPU.Build.0 = Debug|Any CPU
		{1D906820-F094-4CAF-AD01-A346F2518E0D}.Release|Any CPU.ActiveCfg = Release|Any CPU
		{1D906820-F094-4CAF-AD01-A346F2518E0D}.Release|Any CPU.Build.0 = Release|Any CPU
	EndGlobalSection
	GlobalSection(SolutionProperties) = preSolution
		HideSolutionNode = FALSE
	EndGlobalSection
	GlobalSection(ExtensibilityGlobals) = postSolution
		SolutionGuid = {7E751583-724B-4421-8E0C-46CB60CA9B79}
	EndGlobalSection
EndGlobal
